
Microsoft Visual Studio Solution File, Format Version 12.00
# Visual Studio Version 16
VisualStudioVersion = 16.0.29215.179
MinimumVisualStudioVersion = 10.0.40219.1
Project("{8BC9CEB8-8B4A-11D0-8D11-00A0C91BC942}") = "1.2", "1.2.vcxproj", "{537A373B-ADA8-4F1B-A447-8663B0C50055}"
EndProject
Global
	GlobalSection(SolutionConfigurationPlatforms) = preSolution
		Debug|x64 = Debug|x64
		Debug|x86 = Debug|x86
		Release|x64 = Release|x64
		Release|x86 = Release|x86
	EndGlobalSection
	GlobalSection(ProjectConfigurationPlatforms) = postSolution
		{537A373B-ADA8-4F1B-A447-8663B0C50055}.Debug|x64.ActiveCfg = Debug|x64
		{537A373B-ADA8-4F1B-A447-8663B0C50055}.Debug|x64.Build.0 = Debug|x64
		{537A373B-ADA8-4F1B-A447-8663B0C50055}.Debug|x86.ActiveCfg = Debug|Win32
		{537A373B-ADA8-4F1B-A447-8663B0C50055}.Debug|x86.Build.0 = Debug|Win32
		{537A373B-ADA8-4F1B-A447-8663B0C50055}.Release|x64.ActiveCfg = Release|x64
		{537A373B-ADA8-4F1B-A447-8663B0C50055}.Release|x64.Build.0 = Release|x64
		{537A373B-ADA8-4F1B-A447-8663B0C50055}.Release|x86.ActiveCfg = Release|Win32
		{537A373B-ADA8-4F1B-A447-8663B0C50055}.Release|x86.Build.0 = Release|Win32
	EndGlobalSection
	GlobalSection(SolutionProperties) = preSolution
		HideSolutionNode = FALSE
	EndGlobalSection
	GlobalSection(ExtensibilityGlobals) = postSolution
		SolutionGuid = {E549B5D8-4920-4BC5-8F8D-AEAA56502EA0}
	EndGlobalSection
EndGlobal
