
Microsoft Visual Studio Solution File, Format Version 12.00
# Visual Studio Version 16
VisualStudioVersion = 16.0.29215.179
MinimumVisualStudioVersion = 10.0.40219.1
Project("{8BC9CEB8-8B4A-11D0-8D11-00A0C91BC942}") = "2.2", "2.2.vcxproj", "{779C54EC-695F-4B13-9130-DE62FD7835F9}"
EndProject
Global
	GlobalSection(SolutionConfigurationPlatforms) = preSolution
		Debug|x64 = Debug|x64
		Debug|x86 = Debug|x86
		Release|x64 = Release|x64
		Release|x86 = Release|x86
	EndGlobalSection
	GlobalSection(ProjectConfigurationPlatforms) = postSolution
		{779C54EC-695F-4B13-9130-DE62FD7835F9}.Debug|x64.ActiveCfg = Debug|x64
		{779C54EC-695F-4B13-9130-DE62FD7835F9}.Debug|x64.Build.0 = Debug|x64
		{779C54EC-695F-4B13-9130-DE62FD7835F9}.Debug|x86.ActiveCfg = Debug|Win32
		{779C54EC-695F-4B13-9130-DE62FD7835F9}.Debug|x86.Build.0 = Debug|Win32
		{779C54EC-695F-4B13-9130-DE62FD7835F9}.Release|x64.ActiveCfg = Release|x64
		{779C54EC-695F-4B13-9130-DE62FD7835F9}.Release|x64.Build.0 = Release|x64
		{779C54EC-695F-4B13-9130-DE62FD7835F9}.Release|x86.ActiveCfg = Release|Win32
		{779C54EC-695F-4B13-9130-DE62FD7835F9}.Release|x86.Build.0 = Release|Win32
	EndGlobalSection
	GlobalSection(SolutionProperties) = preSolution
		HideSolutionNode = FALSE
	EndGlobalSection
	GlobalSection(ExtensibilityGlobals) = postSolution
		SolutionGuid = {32AA2830-D727-41F7-81E4-832A2556F9CF}
	EndGlobalSection
EndGlobal
